Microsoft Visual Studio Solution File, Format Version 12.00
# Visual Studio 2013
VisualStudioVersion = 12.0.31101.0
MinimumVisualStudioVersion = 10.0.40219.1
Project("{FAE04EC0-301F-11D3-BF4B-00C04F79EFBC}") = "SoftStoneLib", "SoftStoneLib\SoftStoneLib.csproj", "{66D9B323-47FF-4E9F-9504-564AC0F7BA69}"
EndProject
Project("{FAE04EC0-301F-11D3-BF4B-00C04F79EFBC}") = "SoftStone.AV", "SoftStone.AV\SoftStone.AV.csproj", "{DE926EEF-197C-46ED-A9A2-058ED5655F5C}"
EndProject
Project("{FAE04EC0-301F-11D3-BF4B-00C04F79EFBC}") = "RoughVideoDownloader", "RoughVideoDownloader\RoughVideoDownloader.csproj", "{64A6EC15-AA15-4CDA-8B7A-B26CBE55D63B}"
EndProject
Project("{6141683F-8A12-4E36-9623-2EB02B2C2303}") = "Setup", "RoughVideoDownloader\Setup.isproj", "{37B1B19B-E588-4717-946C-F6D41EC6FDC9}"
	ProjectSection(ProjectDependencies) = postProject
		{64A6EC15-AA15-4CDA-8B7A-B26CBE55D63B} = {64A6EC15-AA15-4CDA-8B7A-B26CBE55D63B}
		{66D9B323-47FF-4E9F-9504-564AC0F7BA69} = {66D9B323-47FF-4E9F-9504-564AC0F7BA69}
		{DE926EEF-197C-46ED-A9A2-058ED5655F5C} = {DE926EEF-197C-46ED-A9A2-058ED5655F5C}
	EndProjectSection
EndProject
Global
	GlobalSection(SolutionConfigurationPlatforms) = preSolution
		CD_ROM|Any CPU = CD_ROM|Any CPU
		CD_ROM|Mixed Platforms = CD_ROM|Mixed Platforms
		CD_ROM|x86 = CD_ROM|x86
		Debug|Any CPU = Debug|Any CPU
		Debug|Mixed Platforms = Debug|Mixed Platforms
		Debug|x86 = Debug|x86
		DVD-5|Any CPU = DVD-5|Any CPU
		DVD-5|Mixed Platforms = DVD-5|Mixed Platforms
		DVD-5|x86 = DVD-5|x86
		Release|Any CPU = Release|Any CPU
		Release|Mixed Platforms = Release|Mixed Platforms
		Release|x86 = Release|x86
		SingleImage|Any CPU = SingleImage|Any CPU
		SingleImage|Mixed Platforms = SingleImage|Mixed Platforms
		SingleImage|x86 = SingleImage|x86
	EndGlobalSection
	GlobalSection(ProjectConfigurationPlatforms) = postSolution
		{66D9B323-47FF-4E9F-9504-564AC0F7BA69}.CD_ROM|Any CPU.ActiveCfg = Release|Any CPU
		{66D9B323-47FF-4E9F-9504-564AC0F7BA69}.CD_ROM|Any CPU.Build.0 = Release|Any CPU
		{66D9B323-47FF-4E9F-9504-564AC0F7BA69}.CD_ROM|Mixed Platforms.ActiveCfg = Release|Any CPU
		{66D9B323-47FF-4E9F-9504-564AC0F7BA69}.CD_ROM|Mixed Platforms.Build.0 = Release|Any CPU
		{66D9B323-47FF-4E9F-9504-564AC0F7BA69}.CD_ROM|x86.ActiveCfg = Release|Any CPU
		{66D9B323-47FF-4E9F-9504-564AC0F7BA69}.Debug|Any CPU.ActiveCfg = Debug|Any CPU
		{66D9B323-47FF-4E9F-9504-564AC0F7BA69}.Debug|Any CPU.Build.0 = Debug|Any CPU
		{66D9B323-47FF-4E9F-9504-564AC0F7BA69}.Debug|Mixed Platforms.ActiveCfg = Debug|Any CPU
		{66D9B323-47FF-4E9F-9504-564AC0F7BA69}.Debug|Mixed Platforms.Build.0 = Debug|Any CPU
		{66D9B323-47FF-4E9F-9504-564AC0F7BA69}.Debug|x86.ActiveCfg = Debug|Any CPU
		{66D9B323-47FF-4E9F-9504-564AC0F7BA69}.DVD-5|Any CPU.ActiveCfg = Debug|Any CPU
		{66D9B323-47FF-4E9F-9504-564AC0F7BA69}.DVD-5|Any CPU.Build.0 = Debug|Any CPU
		{66D9B323-47FF-4E9F-9504-564AC0F7BA69}.DVD-5|Mixed Platforms.ActiveCfg = Debug|Any CPU
		{66D9B323-47FF-4E9F-9504-564AC0F7BA69}.DVD-5|Mixed Platforms.Build.0 = Debug|Any CPU
		{66D9B323-47FF-4E9F-9504-564AC0F7BA69}.DVD-5|x86.ActiveCfg = Debug|Any CPU
		{66D9B323-47FF-4E9F-9504-564AC0F7BA69}.Release|Any CPU.ActiveCfg = Release|Any CPU
		{66D9B323-47FF-4E9F-9504-564AC0F7BA69}.Release|Any CPU.Build.0 = Release|Any CPU
		{66D9B323-47FF-4E9F-9504-564AC0F7BA69}.Release|Mixed Platforms.ActiveCfg = Release|Any CPU
		{66D9B323-47FF-4E9F-9504-564AC0F7BA69}.Release|Mixed Platforms.Build.0 = Release|Any CPU
		{66D9B323-47FF-4E9F-9504-564AC0F7BA69}.Release|x86.ActiveCfg = Release|Any CPU
		{66D9B323-47FF-4E9F-9504-564AC0F7BA69}.SingleImage|Any CPU.ActiveCfg = Release|Any CPU
		{66D9B323-47FF-4E9F-9504-564AC0F7BA69}.SingleImage|Any CPU.Build.0 = Release|Any CPU
		{66D9B323-47FF-4E9F-9504-564AC0F7BA69}.SingleImage|Mixed Platforms.ActiveCfg = Release|Any CPU
		{66D9B323-47FF-4E9F-9504-564AC0F7BA69}.SingleImage|Mixed Platforms.Build.0 = Release|Any CPU
		{66D9B323-47FF-4E9F-9504-564AC0F7BA69}.SingleImage|x86.ActiveCfg = Release|Any CPU
		{DE926EEF-197C-46ED-A9A2-058ED5655F5C}.CD_ROM|Any CPU.ActiveCfg = Release|Any CPU
		{DE926EEF-197C-46ED-A9A2-058ED5655F5C}.CD_ROM|Any CPU.Build.0 = Release|Any CPU
		{DE926EEF-197C-46ED-A9A2-058ED5655F5C}.CD_ROM|Mixed Platforms.ActiveCfg = Release|Any CPU
		{DE926EEF-197C-46ED-A9A2-058ED5655F5C}.CD_ROM|Mixed Platforms.Build.0 = Release|Any CPU
		{DE926EEF-197C-46ED-A9A2-058ED5655F5C}.CD_ROM|x86.ActiveCfg = Release|Any CPU
		{DE926EEF-197C-46ED-A9A2-058ED5655F5C}.Debug|Any CPU.ActiveCfg = Debug|Any CPU
		{DE926EEF-197C-46ED-A9A2-058ED5655F5C}.Debug|Any CPU.Build.0 = Debug|Any CPU
		{DE926EEF-197C-46ED-A9A2-058ED5655F5C}.Debug|Mixed Platforms.ActiveCfg = Debug|Any CPU
		{DE926EEF-197C-46ED-A9A2-058ED5655F5C}.Debug|Mixed Platforms.Build.0 = Debug|Any CPU
		{DE926EEF-197C-46ED-A9A2-058ED5655F5C}.Debug|x86.ActiveCfg = Debug|Any CPU
		{DE926EEF-197C-46ED-A9A2-058ED5655F5C}.DVD-5|Any CPU.ActiveCfg = Debug|Any CPU
		{DE926EEF-197C-46ED-A9A2-058ED5655F5C}.DVD-5|Any CPU.Build.0 = Debug|Any CPU
		{DE926EEF-197C-46ED-A9A2-058ED5655F5C}.DVD-5|Mixed Platforms.ActiveCfg = Debug|Any CPU
		{DE926EEF-197C-46ED-A9A2-058ED5655F5C}.DVD-5|Mixed Platforms.Build.0 = Debug|Any CPU
		{DE926EEF-197C-46ED-A9A2-058ED5655F5C}.DVD-5|x86.ActiveCfg = Debug|Any CPU
		{DE926EEF-197C-46ED-A9A2-058ED5655F5C}.Release|Any CPU.ActiveCfg = Release|Any CPU
		{DE926EEF-197C-46ED-A9A2-058ED5655F5C}.Release|Any CPU.Build.0 = Release|Any CPU
		{DE926EEF-197C-46ED-A9A2-058ED5655F5C}.Release|Mixed Platforms.ActiveCfg = Release|Any CPU
		{DE926EEF-197C-46ED-A9A2-058ED5655F5C}.Release|Mixed Platforms.Build.0 = Release|Any CPU
		{DE926EEF-197C-46ED-A9A2-058ED5655F5C}.Release|x86.ActiveCfg = Release|Any CPU
		{DE926EEF-197C-46ED-A9A2-058ED5655F5C}.SingleImage|Any CPU.ActiveCfg = Release|Any CPU
		{DE926EEF-197C-46ED-A9A2-058ED5655F5C}.SingleImage|Any CPU.Build.0 = Release|Any CPU
		{DE926EEF-197C-46ED-A9A2-058ED5655F5C}.SingleImage|Mixed Platforms.ActiveCfg = Release|Any CPU
		{DE926EEF-197C-46ED-A9A2-058ED5655F5C}.SingleImage|Mixed Platforms.Build.0 = Release|Any CPU
		{DE926EEF-197C-46ED-A9A2-058ED5655F5C}.SingleImage|x86.ActiveCfg = Release|Any CPU
		{64A6EC15-AA15-4CDA-8B7A-B26CBE55D63B}.CD_ROM|Any CPU.ActiveCfg = Release|Any CPU
		{64A6EC15-AA15-4CDA-8B7A-B26CBE55D63B}.CD_ROM|Any CPU.Build.0 = Release|Any CPU
		{64A6EC15-AA15-4CDA-8B7A-B26CBE55D63B}.CD_ROM|Mixed Platforms.ActiveCfg = Release|Any CPU
		{64A6EC15-AA15-4CDA-8B7A-B26CBE55D63B}.CD_ROM|Mixed Platforms.Build.0 = Release|Any CPU
		{64A6EC15-AA15-4CDA-8B7A-B26CBE55D63B}.CD_ROM|x86.ActiveCfg = Release|Any CPU
		{64A6EC15-AA15-4CDA-8B7A-B26CBE55D63B}.Debug|Any CPU.ActiveCfg = Debug|Any CPU
		{64A6EC15-AA15-4CDA-8B7A-B26CBE55D63B}.Debug|Any CPU.Build.0 = Debug|Any CPU
		{64A6EC15-AA15-4CDA-8B7A-B26CBE55D63B}.Debug|Mixed Platforms.ActiveCfg = Debug|Any CPU
		{64A6EC15-AA15-4CDA-8B7A-B26CBE55D63B}.Debug|Mixed Platforms.Build.0 = Debug|Any CPU
		{64A6EC15-AA15-4CDA-8B7A-B26CBE55D63B}.Debug|x86.ActiveCfg = Debug|Any CPU
		{64A6EC15-AA15-4CDA-8B7A-B26CBE55D63B}.DVD-5|Any CPU.ActiveCfg = Debug|Any CPU
		{64A6EC15-AA15-4CDA-8B7A-B26CBE55D63B}.DVD-5|Any CPU.Build.0 = Debug|Any CPU
		{64A6EC15-AA15-4CDA-8B7A-B26CBE55D63B}.DVD-5|Mixed Platforms.ActiveCfg = Debug|Any CPU
		{64A6EC15-AA15-4CDA-8B7A-B26CBE55D63B}.DVD-5|Mixed Platforms.Build.0 = Debug|Any CPU
		{64A6EC15-AA15-4CDA-8B7A-B26CBE55D63B}.DVD-5|x86.ActiveCfg = Debug|Any CPU
		{64A6EC15-AA15-4CDA-8B7A-B26CBE55D63B}.Release|Any CPU.ActiveCfg = Release|Any CPU
		{64A6EC15-AA15-4CDA-8B7A-B26CBE55D63B}.Release|Any CPU.Build.0 = Release|Any CPU
		{64A6EC15-AA15-4CDA-8B7A-B26CBE55D63B}.Release|Mixed Platforms.ActiveCfg = Release|Any CPU
		{64A6EC15-AA15-4CDA-8B7A-B26CBE55D63B}.Release|Mixed Platforms.Build.0 = Release|Any CPU
		{64A6EC15-AA15-4CDA-8B7A-B26CBE55D63B}.Release|x86.ActiveCfg = Release|Any CPU
		{64A6EC15-AA15-4CDA-8B7A-B26CBE55D63B}.SingleImage|Any CPU.ActiveCfg = Release|Any CPU
		{64A6EC15-AA15-4CDA-8B7A-B26CBE55D63B}.SingleImage|Any CPU.Build.0 = Release|Any CPU
		{64A6EC15-AA15-4CDA-8B7A-B26CBE55D63B}.SingleImage|Mixed Platforms.ActiveCfg = Release|Any CPU
		{64A6EC15-AA15-4CDA-8B7A-B26CBE55D63B}.SingleImage|Mixed Platforms.Build.0 = Release|Any CPU
		{64A6EC15-AA15-4CDA-8B7A-B26CBE55D63B}.SingleImage|x86.ActiveCfg = Release|Any CPU
		{37B1B19B-E588-4717-946C-F6D41EC6FDC9}.CD_ROM|Any CPU.ActiveCfg = CD_ROM
		{37B1B19B-E588-4717-946C-F6D41EC6FDC9}.CD_ROM|Any CPU.Build.0 = CD_ROM
		{37B1B19B-E588-4717-946C-F6D41EC6FDC9}.CD_ROM|Mixed Platforms.ActiveCfg = CD_ROM
		{37B1B19B-E588-4717-946C-F6D41EC6FDC9}.CD_ROM|Mixed Platforms.Build.0 = CD_ROM
		{37B1B19B-E588-4717-946C-F6D41EC6FDC9}.CD_ROM|x86.ActiveCfg = CD_ROM
		{37B1B19B-E588-4717-946C-F6D41EC6FDC9}.CD_ROM|x86.Build.0 = CD_ROM
		{37B1B19B-E588-4717-946C-F6D41EC6FDC9}.Debug|Any CPU.ActiveCfg = SingleImage
		{37B1B19B-E588-4717-946C-F6D41EC6FDC9}.Debug|Any CPU.Build.0 = SingleImage
		{37B1B19B-E588-4717-946C-F6D41EC6FDC9}.Debug|Mixed Platforms.ActiveCfg = SingleImage
		{37B1B19B-E588-4717-946C-F6D41EC6FDC9}.Debug|Mixed Platforms.Build.0 = SingleImage
		{37B1B19B-E588-4717-946C-F6D41EC6FDC9}.Debug|x86.ActiveCfg = DVD-5
		{37B1B19B-E588-4717-946C-F6D41EC6FDC9}.Debug|x86.Build.0 = DVD-5
		{37B1B19B-E588-4717-946C-F6D41EC6FDC9}.DVD-5|Any CPU.ActiveCfg = DVD-5
		{37B1B19B-E588-4717-946C-F6D41EC6FDC9}.DVD-5|Any CPU.Build.0 = DVD-5
		{37B1B19B-E588-4717-946C-F6D41EC6FDC9}.DVD-5|Mixed Platforms.ActiveCfg = DVD-5
		{37B1B19B-E588-4717-946C-F6D41EC6FDC9}.DVD-5|Mixed Platforms.Build.0 = DVD-5
		{37B1B19B-E588-4717-946C-F6D41EC6FDC9}.DVD-5|x86.ActiveCfg = DVD-5
		{37B1B19B-E588-4717-946C-F6D41EC6FDC9}.DVD-5|x86.Build.0 = DVD-5
		{37B1B19B-E588-4717-946C-F6D41EC6FDC9}.Release|Any CPU.ActiveCfg = SingleImage
		{37B1B19B-E588-4717-946C-F6D41EC6FDC9}.Release|Any CPU.Build.0 = SingleImage
		{37B1B19B-E588-4717-946C-F6D41EC6FDC9}.Release|Mixed Platforms.ActiveCfg = SingleImage
		{37B1B19B-E588-4717-946C-F6D41EC6FDC9}.Release|Mixed Platforms.Build.0 = SingleImage
		{37B1B19B-E588-4717-946C-F6D41EC6FDC9}.Release|x86.ActiveCfg = SingleImage
		{37B1B19B-E588-4717-946C-F6D41EC6FDC9}.Release|x86.Build.0 = SingleImage
		{37B1B19B-E588-4717-946C-F6D41EC6FDC9}.SingleImage|Any CPU.ActiveCfg = SingleImage
		{37B1B19B-E588-4717-946C-F6D41EC6FDC9}.SingleImage|Any CPU.Build.0 = SingleImage
		{37B1B19B-E588-4717-946C-F6D41EC6FDC9}.SingleImage|Mixed Platforms.ActiveCfg = SingleImage
		{37B1B19B-E588-4717-946C-F6D41EC6FDC9}.SingleImage|Mixed Platforms.Build.0 = SingleImage
		{37B1B19B-E588-4717-946C-F6D41EC6FDC9}.SingleImage|x86.ActiveCfg = SingleImage
		{37B1B19B-E588-4717-946C-F6D41EC6FDC9}.SingleImage|x86.Build.0 = SingleImage
	EndGlobalSection
	GlobalSection(SolutionProperties) = preSolution
		HideSolutionNode = FALSE
	EndGlobalSection
EndGlobal
